{
    "_meta": {
        "hash": {
            "sha256": "ca32c9d5fe84f2aa982abb8fbbbe0c48e953b8a6ac85bcc046ee8037517f9fb5"
        },
        "host-environment-markers": {
            "implementation_name": "cpython",
            "implementation_version": "3.6.4",
            "os_name": "posix",
            "platform_machine": "x86_64",
            "platform_python_implementation": "CPython",
            "platform_release": "4.15.4-1-ARCH",
            "platform_system": "Linux",
            "platform_version": "#1 SMP PREEMPT Sat Feb 17 16:01:38 UTC 2018",
            "python_full_version": "3.6.4",
            "python_version": "3.6",
            "sys_platform": "linux"
        },
        "pipfile-spec": 6,
        "requires": {},
        "sources": [
            {
                "name": "pypi",
                "url": "https://pypi.python.org/simple",
                "verify_ssl": true
            }
        ]
    },
    "default": {},
    "develop": {
        "e1839a8": {
            "editable": true,
            "path": "."
        },
        "marshmallow": {
            "hashes": [
                "sha256:8740ada95f47fa19f905772aa4932dc5512226a90c30da5672d6d6bf3dd791a7",
                "sha256:d3f31fe7be2106b1d783cbd0765ef4e1c6615505514695f33082805f929dd584"
            ],
            "version": "==2.15.0"
        },
        "marshmallow-sqlalchemy": {
            "hashes": [
                "sha256:3e034964d09d1af15f6868a36cc26ec22d41a703e576928ba086996ae4287e59",
                "sha256:9804ef2829f781f469a06528d107c2a763f109c687266ab8b1f000f9684184ae"
            ],
            "version": "==0.13.2"
        },
        "six": {
            "hashes": [
                "sha256:832dc0e10feb1aa2c68dcc57dbb658f1c7e65b9b61af69048abc87a2db00a0eb",
                "sha256:70e8a77beed4562e7f14fe23a786b54f6296e34344c23bc42f07b15018ff98e9"
            ],
            "version": "==1.11.0"
        },
        "sqlalchemy": {
            "hashes": [
                "sha256:6997507af46b10630e13b605ac278b78885fd683d038896dbee0e7ec41d809d2"
            ],
            "version": "==1.2.4"
        },
        "sqlalchemy-utils": {
            "hashes": [
                "sha256:e416a4a882d97082f9cbd8373b185aa858b57a012f113421c6dc031af74067e4"
            ],
            "version": "==0.33.0"
        }
    }
}
